
Microsoft Visual Studio Solution File, Format Version 12.00
# Visual Studio Version 17
VisualStudioVersion = 17.0.31903.59
MinimumVisualStudioVersion = 10.0.40219.1
Project("{FAE04EC0-301F-11D3-BF4B-00C04F79EFBC}") = "Gym.App", "Gym.App\Gym.App.csproj", "{3AFE38F4-16A5-447C-80C3-B4CFD6103AD5}"
EndProject
Global
	GlobalSection(SolutionConfigurationPlatforms) = preSolution
		Debug|Any CPU = Debug|Any CPU
		Release|Any CPU = Release|Any CPU
	EndGlobalSection
	GlobalSection(ProjectConfigurationPlatforms) = postSolution
		{3AFE38F4-16A5-447C-80C3-B4CFD6103AD5}.Debug|Any CPU.ActiveCfg = Debug|Any CPU
		{3AFE38F4-16A5-447C-80C3-B4CFD6103AD5}.Debug|Any CPU.Build.0 = Debug|Any CPU
		{3AFE38F4-16A5-447C-80C3-B4CFD6103AD5}.Release|Any CPU.ActiveCfg = Release|Any CPU
		{3AFE38F4-16A5-447C-80C3-B4CFD6103AD5}.Release|Any CPU.Build.0 = Release|Any CPU
	EndGlobalSection
	GlobalSection(SolutionProperties) = preSolution
		HideSolutionNode = FALSE
	EndGlobalSection
	GlobalSection(ExtensibilityGlobals) = postSolution
		SolutionGuid = {4C7F8EFD-5993-4BE1-BAB2-DBB75656A918}
	EndGlobalSection
EndGlobal
